
Microsoft Visual Studio Solution File, Format Version 12.00
# Visual Studio Version 16
VisualStudioVersion = 16.0.29503.13
MinimumVisualStudioVersion = 10.0.40219.1
Project("{FAE04EC0-301F-11D3-BF4B-00C04F79EFBC}") = "TextboxControl", "TextboxControl\TextboxControl.csproj", "{829508DC-D51F-4BE5-9B1B-374763DB8F81}"
EndProject
Global
	GlobalSection(SolutionConfigurationPlatforms) = preSolution
		Debug|Any CPU = Debug|Any CPU
		Release|Any CPU = Release|Any CPU
	EndGlobalSection
	GlobalSection(ProjectConfigurationPlatforms) = postSolution
		{829508DC-D51F-4BE5-9B1B-374763DB8F81}.Debug|Any CPU.ActiveCfg = Debug|Any CPU
		{829508DC-D51F-4BE5-9B1B-374763DB8F81}.Debug|Any CPU.Build.0 = Debug|Any CPU
		{829508DC-D51F-4BE5-9B1B-374763DB8F81}.Release|Any CPU.ActiveCfg = Release|Any CPU
		{829508DC-D51F-4BE5-9B1B-374763DB8F81}.Release|Any CPU.Build.0 = Release|Any CPU
	EndGlobalSection
	GlobalSection(SolutionProperties) = preSolution
		HideSolutionNode = FALSE
	EndGlobalSection
	GlobalSection(ExtensibilityGlobals) = postSolution
		SolutionGuid = {B6A8C5A5-2EF7-4362-889C-0EC39D05B463}
	EndGlobalSection
EndGlobal
