
Microsoft Visual Studio Solution File, Format Version 12.00
# Visual Studio Version 16
VisualStudioVersion = 16.0.29920.165
MinimumVisualStudioVersion = 10.0.40219.1
Project("{FAE04EC0-301F-11D3-BF4B-00C04F79EFBC}") = "KawalCovid19", "WindowsFormsApp1\KawalCovid19.csproj", "{A65E4A78-AEDC-4B1B-BC94-E376772AF28D}"
EndProject
Global
	GlobalSection(SolutionConfigurationPlatforms) = preSolution
		Debug|Any CPU = Debug|Any CPU
		Release|Any CPU = Release|Any CPU
	EndGlobalSection
	GlobalSection(ProjectConfigurationPlatforms) = postSolution
		{A65E4A78-AEDC-4B1B-BC94-E376772AF28D}.Debug|Any CPU.ActiveCfg = Debug|Any CPU
		{A65E4A78-AEDC-4B1B-BC94-E376772AF28D}.Debug|Any CPU.Build.0 = Debug|Any CPU
		{A65E4A78-AEDC-4B1B-BC94-E376772AF28D}.Release|Any CPU.ActiveCfg = Release|Any CPU
		{A65E4A78-AEDC-4B1B-BC94-E376772AF28D}.Release|Any CPU.Build.0 = Release|Any CPU
	EndGlobalSection
	GlobalSection(SolutionProperties) = preSolution
		HideSolutionNode = FALSE
	EndGlobalSection
	GlobalSection(ExtensibilityGlobals) = postSolution
		SolutionGuid = {29C9E3ED-2DA9-47FC-A2AC-5B055AB06E60}
	EndGlobalSection
EndGlobal
