
Microsoft Visual Studio Solution File, Format Version 12.00
# Visual Studio Version 16
VisualStudioVersion = 16.0.29920.165
MinimumVisualStudioVersion = 10.0.40219.1
Project("{FAE04EC0-301F-11D3-BF4B-00C04F79EFBC}") = "Cryptographic Hash", "Cryptographic Hash\Cryptographic Hash.csproj", "{22E9605F-E166-44DC-A2DE-05E5BD07AA6E}"
EndProject
Global
	GlobalSection(SolutionConfigurationPlatforms) = preSolution
		Debug|Any CPU = Debug|Any CPU
		Release|Any CPU = Release|Any CPU
	EndGlobalSection
	GlobalSection(ProjectConfigurationPlatforms) = postSolution
		{22E9605F-E166-44DC-A2DE-05E5BD07AA6E}.Debug|Any CPU.ActiveCfg = Debug|Any CPU
		{22E9605F-E166-44DC-A2DE-05E5BD07AA6E}.Debug|Any CPU.Build.0 = Debug|Any CPU
		{22E9605F-E166-44DC-A2DE-05E5BD07AA6E}.Release|Any CPU.ActiveCfg = Release|Any CPU
		{22E9605F-E166-44DC-A2DE-05E5BD07AA6E}.Release|Any CPU.Build.0 = Release|Any CPU
	EndGlobalSection
	GlobalSection(SolutionProperties) = preSolution
		HideSolutionNode = FALSE
	EndGlobalSection
	GlobalSection(ExtensibilityGlobals) = postSolution
		SolutionGuid = {FFEFE3A0-CB46-48CC-BEAA-073148C648F3}
	EndGlobalSection
EndGlobal
